
Microsoft Visual Studio Solution File, Format Version 12.00
# Visual Studio 15
VisualStudioVersion = 15.0.28307.329
MinimumVisualStudioVersion = 10.0.40219.1
Project("{FAE04EC0-301F-11D3-BF4B-00C04F79EFBC}") = "Portfolio.Web", "Portfolio.Web\Portfolio.Web.csproj", "{324F2300-2C3C-4AE5-8919-616A776F1B82}"
EndProject
Global
	GlobalSection(SolutionConfigurationPlatforms) = preSolution
		Debug|Any CPU = Debug|Any CPU
		Release|Any CPU = Release|Any CPU
	EndGlobalSection
	GlobalSection(ProjectConfigurationPlatforms) = postSolution
		{324F2300-2C3C-4AE5-8919-616A776F1B82}.Debug|Any CPU.ActiveCfg = Debug|Any CPU
		{324F2300-2C3C-4AE5-8919-616A776F1B82}.Debug|Any CPU.Build.0 = Debug|Any CPU
		{324F2300-2C3C-4AE5-8919-616A776F1B82}.Release|Any CPU.ActiveCfg = Release|Any CPU
		{324F2300-2C3C-4AE5-8919-616A776F1B82}.Release|Any CPU.Build.0 = Release|Any CPU
	EndGlobalSection
	GlobalSection(SolutionProperties) = preSolution
		HideSolutionNode = FALSE
	EndGlobalSection
	GlobalSection(ExtensibilityGlobals) = postSolution
		SolutionGuid = {CD775D7B-26DA-4407-AB68-860EEC5E47A5}
	EndGlobalSection
EndGlobal
